
Microsoft Visual Studio Solution File, Format Version 12.00
# Visual Studio Version 17
VisualStudioVersion = 17.10.35122.118
MinimumVisualStudioVersion = 10.0.40219.1
Project("{FAE04EC0-301F-11D3-BF4B-00C04F79EFBC}") = "Practico3", "Practico3\Practico3.csproj", "{5FB4543A-566C-445C-A571-350641398513}"
EndProject
Global
	GlobalSection(SolutionConfigurationPlatforms) = preSolution
		Debug|Any CPU = Debug|Any CPU
		Release|Any CPU = Release|Any CPU
	EndGlobalSection
	GlobalSection(ProjectConfigurationPlatforms) = postSolution
		{5FB4543A-566C-445C-A571-350641398513}.Debug|Any CPU.ActiveCfg = Debug|Any CPU
		{5FB4543A-566C-445C-A571-350641398513}.Debug|Any CPU.Build.0 = Debug|Any CPU
		{5FB4543A-566C-445C-A571-350641398513}.Release|Any CPU.ActiveCfg = Release|Any CPU
		{5FB4543A-566C-445C-A571-350641398513}.Release|Any CPU.Build.0 = Release|Any CPU
	EndGlobalSection
	GlobalSection(SolutionProperties) = preSolution
		HideSolutionNode = FALSE
	EndGlobalSection
	GlobalSection(ExtensibilityGlobals) = postSolution
		SolutionGuid = {54251D18-3B4C-4927-BCBE-555A3554C191}
	EndGlobalSection
EndGlobal
